{
  "originHash" : "02f1401477a81422af5c5a9ce0c0d8bffa721304eea0009464dd87b4af395dec",
  "pins" : [
    {
      "identity" : "wwassistivetouch",
      "kind" : "remoteSourceControl",
      "location" : "https://github.com/William-Weng/WWAssistiveTouch",
      "state" : {
        "revision" : "39a80925e2b90082eb144e785500e6bd6d4fc3ee",
        "version" : "1.2.3"
      }
    }
  ],
  "version" : 3
}
