{
  "pins" : [
    {
      "identity" : "wwassistivetouch",
      "kind" : "remoteSourceControl",
      "location" : "https://github.com/William-Weng/WWAssistiveTouch",
      "state" : {
        "revision" : "bbefb8fbdbf272bb1f360a58f9d8f1557b1e0b4d",
        "version" : "1.1.1"
      }
    }
  ],
  "version" : 2
}
