{
  "pins" : [
    {
      "identity" : "wwassistivetouch",
      "kind" : "remoteSourceControl",
      "location" : "https://github.com/William-Weng/WWAssistiveTouch",
      "state" : {
        "revision" : "be346c28cf966144a8d09fa20757bfdbce23a97e",
        "version" : "1.0.1"
      }
    }
  ],
  "version" : 2
}
